// !$*UTF8*$!
{
	archiveVersion = 1;
	classes = {
	};
	objectVersion = 46;
	objects = {

/* Begin PBXBuildFile section */
		218FA2BD1924ADA800B3BB84 /* Foundation.framework in Frameworks */ = {isa = PBXBuildFile; fileRef = 218FA2BC1924ADA800B3BB84 /* Foundation.framework */; };
		218FA2BF1924ADA800B3BB84 /* CoreGraphics.framework in Frameworks */ = {isa = PBXBuildFile; fileRef = 218FA2BE1924ADA800B3BB84 /* CoreGraphics.framework */; };
		218FA2C11924ADA800B3BB84 /* UIKit.framework in Frameworks */ = {isa = PBXBuildFile; fileRef = 218FA2C01924ADA800B3BB84 /* UIKit.framework */; };
		218FA2C71924ADA800B3BB84 /* InfoPlist.strings in Resources */ = {isa = PBXBuildFile; fileRef = 218FA2C51924ADA800B3BB84 /* InfoPlist.strings */; };
		218FA2C91924ADA800B3BB84 /* main.m in Sources */ = {isa = PBXBuildFile; fileRef = 218FA2C81924ADA800B3BB84 /* main.m */; };
		218FA2CD1924ADA800B3BB84 /* AppDelegate.m in Sources */ = {isa = PBXBuildFile; fileRef = 218FA2CC1924ADA800B3BB84 /* AppDelegate.m */; };
		218FA2D01924ADA800B3BB84 /* Main_iPhone.storyboard in Resources */ = {isa = PBXBuildFile; fileRef = 218FA2CE1924ADA800B3BB84 /* Main_iPhone.storyboard */; };
		218FA2D31924ADA800B3BB84 /* Main_iPad.storyboard in Resources */ = {isa = PBXBuildFile; fileRef = 218FA2D11924ADA800B3BB84 /* Main_iPad.storyboard */; };
		218FA2D61924ADA800B3BB84 /* ViewController.m in Sources */ = {isa = PBXBuildFile; fileRef = 218FA2D51924ADA800B3BB84 /* ViewController.m */; };
		218FA2D81924ADA800B3BB84 /* Images.xcassets in Resources */ = {isa = PBXBuildFile; fileRef = 218FA2D71924ADA800B3BB84 /* Images.xcassets */; };
		218FA2DF1924ADA800B3BB84 /* XCTest.framework in Frameworks */ = {isa = PBXBuildFile; fileRef = 218FA2DE1924ADA800B3BB84 /* XCTest.framework */; };
		218FA2E01924ADA800B3BB84 /* Foundation.framework in Frameworks */ = {isa = PBXBuildFile; fileRef = 218FA2BC1924ADA800B3BB84 /* Foundation.framework */; };
		218FA2E11924ADA800B3BB84 /* UIKit.framework in Frameworks */ = {isa = PBXBuildFile; fileRef = 218FA2C01924ADA800B3BB84 /* UIKit.framework */; };
		218FA2E91924ADA800B3BB84 /* InfoPlist.strings in Resources */ = {isa = PBXBuildFile; fileRef = 218FA2E71924ADA800B3BB84 /* InfoPlist.strings */; };
		218FA2EB1924ADA800B3BB84 /* LeafPhotoBrowerTests.m in Sources */ = {isa = PBXBuildFile; fileRef = 218FA2EA1924ADA800B3BB84 /* LeafPhotoBrowerTests.m */; };
/* End PBXBuildFile section */

/* Begin PBXContainerItemProxy section */
		218FA2E21924ADA800B3BB84 /* PBXContainerItemProxy */ = {
			isa = PBXContainerItemProxy;
			containerPortal = 218FA2B11924ADA800B3BB84 /* Project object */;
			proxyType = 1;
			remoteGlobalIDString = 218FA2B81924ADA800B3BB84;
			remoteInfo = LeafPhotoBrower;
		};
/* End PBXContainerItemProxy section */

/* Begin PBXFileReference section */
		218FA2B91924ADA800B3BB84 /* LeafPhotoBrower.app */ = {isa = PBXFileReference; explicitFileType = wrapper.application; includeInIndex = 0; path = LeafPhotoBrower.app; sourceTree = BUILT_PRODUCTS_DIR; };
		218FA2BC1924ADA800B3BB84 /* Foundation.framework */ = {isa = PBXFileReference; lastKnownFileType = wrapper.framework; name = Foundation.framework; path = System/Library/Frameworks/Foundation.framework; sourceTree = SDKROOT; };
		218FA2BE1924ADA800B3BB84 /* CoreGraphics.framework */ = {isa = PBXFileReference; lastKnownFileType = wrapper.framework; name = CoreGraphics.framework; path = System/Library/Frameworks/CoreGraphics.framework; sourceTree = SDKROOT; };
		218FA2C01924ADA800B3BB84 /* UIKit.framework */ = {isa = PBXFileReference; lastKnownFileType = wrapper.framework; name = UIKit.framework; path = System/Library/Frameworks/UIKit.framework; sourceTree = SDKROOT; };
		218FA2C41924ADA800B3BB84 /* LeafPhotoBrower-Info.plist */ = {isa = PBXFileReference; lastKnownFileType = text.plist.xml; path = "LeafPhotoBrower-Info.plist"; sourceTree = "<group>"; };
		218FA2C61924ADA800B3BB84 /* en */ = {isa = PBXFileReference; lastKnownFileType = text.plist.strings; name = en; path = en.lproj/InfoPlist.strings; sourceTree = "<group>"; };
		218FA2C81924ADA800B3BB84 /* main.m */ = {isa = PBXFileReference; lastKnownFileType = sourcecode.c.objc; path = main.m; sourceTree = "<group>"; };
		218FA2CA1924ADA800B3BB84 /* LeafPhotoBrower-Prefix.pch */ = {isa = PBXFileReference; lastKnownFileType = sourcecode.c.h; path = "LeafPhotoBrower-Prefix.pch"; sourceTree = "<group>"; };
		218FA2CB1924ADA800B3BB84 /* AppDelegate.h */ = {isa = PBXFileReference; lastKnownFileType = sourcecode.c.h; path = AppDelegate.h; sourceTree = "<group>"; };
		218FA2CC1924ADA800B3BB84 /* AppDelegate.m */ = {isa = PBXFileReference; lastKnownFileType = sourcecode.c.objc; path = AppDelegate.m; sourceTree = "<group>"; };
		218FA2CF1924ADA800B3BB84 /* Base */ = {isa = PBXFileReference; lastKnownFileType = file.storyboard; name = Base; path = Base.lproj/Main_iPhone.storyboard; sourceTree = "<group>"; };
		218FA2D21924ADA800B3BB84 /* Base */ = {isa = PBXFileReference; lastKnownFileType = file.storyboard; name = Base; path = Base.lproj/Main_iPad.storyboard; sourceTree = "<group>"; };
		218FA2D41924ADA800B3BB84 /* ViewController.h */ = {isa = PBXFileReference; lastKnownFileType = sourcecode.c.h; path = ViewController.h; sourceTree = "<group>"; };
		218FA2D51924ADA800B3BB84 /* ViewController.m */ = {isa = PBXFileReference; lastKnownFileType = sourcecode.c.objc; path = ViewController.m; sourceTree = "<group>"; };
		218FA2D71924ADA800B3BB84 /* Images.xcassets */ = {isa = PBXFileReference; lastKnownFileType = folder.assetcatalog; path = Images.xcassets; sourceTree = "<group>"; };
		218FA2DD1924ADA800B3BB84 /* LeafPhotoBrowerTests.xctest */ = {isa = PBXFileReference; explicitFileType = wrapper.cfbundle; includeInIndex = 0; path = LeafPhotoBrowerTests.xctest; sourceTree = BUILT_PRODUCTS_DIR; };
		218FA2DE1924ADA800B3BB84 /* XCTest.framework */ = {isa = PBXFileReference; lastKnownFileType = wrapper.framework; name = XCTest.framework; path = Library/Frameworks/XCTest.framework; sourceTree = DEVELOPER_DIR; };
		218FA2E61924ADA800B3BB84 /* LeafPhotoBrowerTests-Info.plist */ = {isa = PBXFileReference; lastKnownFileType = text.plist.xml; path = "LeafPhotoBrowerTests-Info.plist"; sourceTree = "<group>"; };
		218FA2E81924ADA800B3BB84 /* en */ = {isa = PBXFileReference; lastKnownFileType = text.plist.strings; name = en; path = en.lproj/InfoPlist.strings; sourceTree = "<group>"; };
		218FA2EA1924ADA800B3BB84 /* LeafPhotoBrowerTests.m */ = {isa = PBXFileReference; lastKnownFileType = sourcecode.c.objc; path = LeafPhotoBrowerTests.m; sourceTree = "<group>"; };
/* End PBXFileReference section */

/* Begin PBXFrameworksBuildPhase section */
		218FA2B61924ADA800B3BB84 /* Frameworks */ = {
			isa = PBXFrameworksBuildPhase;
			buildActionMask = 2147483647;
			files = (
				218FA2BF1924ADA800B3BB84 /* CoreGraphics.framework in Frameworks */,
				218FA2C11924ADA800B3BB84 /* UIKit.framework in Frameworks */,
				218FA2BD1924ADA800B3BB84 /* Foundation.framework in Frameworks */,
			);
			runOnlyForDeploymentPostprocessing = 0;
		};
		218FA2DA1924ADA800B3BB84 /* Frameworks */ = {
			isa = PBXFrameworksBuildPhase;
			buildActionMask = 2147483647;
			files = (
				218FA2DF1924ADA800B3BB84 /* XCTest.framework in Frameworks */,
				218FA2E11924ADA800B3BB84 /* UIKit.framework in Frameworks */,
				218FA2E01924ADA800B3BB84 /* Foundation.framework in Frameworks */,
			);
			runOnlyForDeploymentPostprocessing = 0;
		};
/* End PBXFrameworksBuildPhase section */

/* Begin PBXGroup section */
		218FA2B01924ADA800B3BB84 = {
			isa = PBXGroup;
			children = (
				218FA2C21924ADA800B3BB84 /* LeafPhotoBrower */,
				218FA2E41924ADA800B3BB84 /* LeafPhotoBrowerTests */,
				218FA2BB1924ADA800B3BB84 /* Frameworks */,
				218FA2BA1924ADA800B3BB84 /* Products */,
			);
			sourceTree = "<group>";
		};
		218FA2BA1924ADA800B3BB84 /* Products */ = {
			isa = PBXGroup;
			children = (
				218FA2B91924ADA800B3BB84 /* LeafPhotoBrower.app */,
				218FA2DD1924ADA800B3BB84 /* LeafPhotoBrowerTests.xctest */,
			);
			name = Products;
			sourceTree = "<group>";
		};
		218FA2BB1924ADA800B3BB84 /* Frameworks */ = {
			isa = PBXGroup;
			children = (
				218FA2BC1924ADA800B3BB84 /* Foundation.framework */,
				218FA2BE1924ADA800B3BB84 /* CoreGraphics.framework */,
				218FA2C01924ADA800B3BB84 /* UIKit.framework */,
				218FA2DE1924ADA800B3BB84 /* XCTest.framework */,
			);
			name = Frameworks;
			sourceTree = "<group>";
		};
		218FA2C21924ADA800B3BB84 /* LeafPhotoBrower */ = {
			isa = PBXGroup;
			children = (
				218FA2CB1924ADA800B3BB84 /* AppDelegate.h */,
				218FA2CC1924ADA800B3BB84 /* AppDelegate.m */,
				218FA2CE1924ADA800B3BB84 /* Main_iPhone.storyboard */,
				218FA2D11924ADA800B3BB84 /* Main_iPad.storyboard */,
				218FA2D41924ADA800B3BB84 /* ViewController.h */,
				218FA2D51924ADA800B3BB84 /* ViewController.m */,
				218FA2D71924ADA800B3BB84 /* Images.xcassets */,
				218FA2C31924ADA800B3BB84 /* Supporting Files */,
			);
			path = LeafPhotoBrower;
			sourceTree = "<group>";
		};
		218FA2C31924ADA800B3BB84 /* Supporting Files */ = {
			isa = PBXGroup;
			children = (
				218FA2C41924ADA800B3BB84 /* LeafPhotoBrower-Info.plist */,
				218FA2C51924ADA800B3BB84 /* InfoPlist.strings */,
				218FA2C81924ADA800B3BB84 /* main.m */,
				218FA2CA1924ADA800B3BB84 /* LeafPhotoBrower-Prefix.pch */,
			);
			name = "Supporting Files";
			sourceTree = "<group>";
		};
		218FA2E41924ADA800B3BB84 /* LeafPhotoBrowerTests */ = {
			isa = PBXGroup;
			children = (
				218FA2EA1924ADA800B3BB84 /* LeafPhotoBrowerTests.m */,
				218FA2E51924ADA800B3BB84 /* Supporting Files */,
			);
			path = LeafPhotoBrowerTests;
			sourceTree = "<group>";
		};
		218FA2E51924ADA800B3BB84 /* Supporting Files */ = {
			isa = PBXGroup;
			children = (
				218FA2E61924ADA800B3BB84 /* LeafPhotoBrowerTests-Info.plist */,
				218FA2E71924ADA800B3BB84 /* InfoPlist.strings */,
			);
			name = "Supporting Files";
			sourceTree = "<group>";
		};
/* End PBXGroup section */

/* Begin PBXNativeTarget section */
		218FA2B81924ADA800B3BB84 /* LeafPhotoBrower */ = {
			isa = PBXNativeTarget;
			buildConfigurationList = 218FA2EE1924ADA800B3BB84 /* Build configuration list for PBXNativeTarget "LeafPhotoBrower" */;
			buildPhases = (
				218FA2B51924ADA800B3BB84 /* Sources */,
				218FA2B61924ADA800B3BB84 /* Frameworks */,
				218FA2B71924ADA800B3BB84 /* Resources */,
			);
			buildRules = (
			);
			dependencies = (
			);
			name = LeafPhotoBrower;
			productName = LeafPhotoBrower;
			productReference = 218FA2B91924ADA800B3BB84 /* LeafPhotoBrower.app */;
			productType = "com.apple.product-type.application";
		};
		218FA2DC1924ADA800B3BB84 /* LeafPhotoBrowerTests */ = {
			isa = PBXNativeTarget;
			buildConfigurationList = 218FA2F11924ADA800B3BB84 /* Build configuration list for PBXNativeTarget "LeafPhotoBrowerTests" */;
			buildPhases = (
				218FA2D91924ADA800B3BB84 /* Sources */,
				218FA2DA1924ADA800B3BB84 /* Frameworks */,
				218FA2DB1924ADA800B3BB84 /* Resources */,
			);
			buildRules = (
			);
			dependencies = (
				218FA2E31924ADA800B3BB84 /* PBXTargetDependency */,
			);
			name = LeafPhotoBrowerTests;
			productName = LeafPhotoBrowerTests;
			productReference = 218FA2DD1924ADA800B3BB84 /* LeafPhotoBrowerTests.xctest */;
			productType = "com.apple.product-type.bundle.unit-test";
		};
/* End PBXNativeTarget section */

/* Begin PBXProject section */
		218FA2B11924ADA800B3BB84 /* Project object */ = {
			isa = PBXProject;
			attributes = {
				LastUpgradeCheck = 0510;
				ORGANIZATIONNAME = "___FULLUSERNAME___";
				TargetAttributes = {
					218FA2DC1924ADA800B3BB84 = {
						TestTargetID = 218FA2B81924ADA800B3BB84;
					};
				};
			};
			buildConfigurationList = 218FA2B41924ADA800B3BB84 /* Build configuration list for PBXProject "LeafPhotoBrower" */;
			compatibilityVersion = "Xcode 3.2";
			developmentRegion = English;
			hasScannedForEncodings = 0;
			knownRegions = (
				en,
				Base,
			);
			mainGroup = 218FA2B01924ADA800B3BB84;
			productRefGroup = 218FA2BA1924ADA800B3BB84 /* Products */;
			projectDirPath = "";
			projectRoot = "";
			targets = (
				218FA2B81924ADA800B3BB84 /* LeafPhotoBrower */,
				218FA2DC1924ADA800B3BB84 /* LeafPhotoBrowerTests */,
			);
		};
/* End PBXProject section */

/* Begin PBXResourcesBuildPhase section */
		218FA2B71924ADA800B3BB84 /* Resources */ = {
			isa = PBXResourcesBuildPhase;
			buildActionMask = 2147483647;
			files = (
				218FA2D31924ADA800B3BB84 /* Main_iPad.storyboard in Resources */,
				218FA2D81924ADA800B3BB84 /* Images.xcassets in Resources */,
				218FA2D01924ADA800B3BB84 /* Main_iPhone.storyboard in Resources */,
				218FA2C71924ADA800B3BB84 /* InfoPlist.strings in Resources */,
			);
			runOnlyForDeploymentPostprocessing = 0;
		};
		218FA2DB1924ADA800B3BB84 /* Resources */ = {
			isa = PBXResourcesBuildPhase;
			buildActionMask = 2147483647;
			files = (
				218FA2E91924ADA800B3BB84 /* InfoPlist.strings in Resources */,
			);
			runOnlyForDeploymentPostprocessing = 0;
		};
/* End PBXResourcesBuildPhase section */

/* Begin PBXSourcesBuildPhase section */
		218FA2B51924ADA800B3BB84 /* Sources */ = {
			isa = PBXSourcesBuildPhase;
			buildActionMask = 2147483647;
			files = (
				218FA2D61924ADA800B3BB84 /* ViewController.m in Sources */,
				218FA2CD1924ADA800B3BB84 /* AppDelegate.m in Sources */,
				218FA2C91924ADA800B3BB84 /* main.m in Sources */,
			);
			runOnlyForDeploymentPostprocessing = 0;
		};
		218FA2D91924ADA800B3BB84 /* Sources */ = {
			isa = PBXSourcesBuildPhase;
			buildActionMask = 2147483647;
			files = (
				218FA2EB1924ADA800B3BB84 /* LeafPhotoBrowerTests.m in Sources */,
			);
			runOnlyForDeploymentPostprocessing = 0;
		};
/* End PBXSourcesBuildPhase section */

/* Begin PBXTargetDependency section */
		218FA2E31924ADA800B3BB84 /* PBXTargetDependency */ = {
			isa = PBXTargetDependency;
			target = 218FA2B81924ADA800B3BB84 /* LeafPhotoBrower */;
			targetProxy = 218FA2E21924ADA800B3BB84 /* PBXContainerItemProxy */;
		};
/* End PBXTargetDependency section */

/* Begin PBXVariantGroup section */
		218FA2C51924ADA800B3BB84 /* InfoPlist.strings */ = {
			isa = PBXVariantGroup;
			children = (
				218FA2C61924ADA800B3BB84 /* en */,
			);
			name = InfoPlist.strings;
			sourceTree = "<group>";
		};
		218FA2CE1924ADA800B3BB84 /* Main_iPhone.storyboard */ = {
			isa = PBXVariantGroup;
			children = (
				218FA2CF1924ADA800B3BB84 /* Base */,
			);
			name = Main_iPhone.storyboard;
			sourceTree = "<group>";
		};
		218FA2D11924ADA800B3BB84 /* Main_iPad.storyboard */ = {
			isa = PBXVariantGroup;
			children = (
				218FA2D21924ADA800B3BB84 /* Base */,
			);
			name = Main_iPad.storyboard;
			sourceTree = "<group>";
		};
		218FA2E71924ADA800B3BB84 /* InfoPlist.strings */ = {
			isa = PBXVariantGroup;
			children = (
				218FA2E81924ADA800B3BB84 /* en */,
			);
			name = InfoPlist.strings;
			sourceTree = "<group>";
		};
/* End PBXVariantGroup section */

/* Begin XCBuildConfiguration section */
		218FA2EC1924ADA800B3BB84 /* Debug */ = {
			isa = XCBuildConfiguration;
			buildSettings = {
				ALWAYS_SEARCH_USER_PATHS = NO;
				CLANG_CXX_LANGUAGE_STANDARD = "gnu++0x";
				CLANG_CXX_LIBRARY = "libc++";
				CLANG_ENABLE_MODULES = YES;
				CLANG_ENABLE_OBJC_ARC = YES;
				CLANG_WARN_BOOL_CONVERSION = YES;
				CLANG_WARN_CONSTANT_CONVERSION = YES;
				CLANG_WARN_DIRECT_OBJC_ISA_USAGE = YES_ERROR;
				CLANG_WARN_EMPTY_BODY = YES;
				CLANG_WARN_ENUM_CONVERSION = YES;
				CLANG_WARN_INT_CONVERSION = YES;
				CLANG_WARN_OBJC_ROOT_CLASS = YES_ERROR;
				CLANG_WARN__DUPLICATE_METHOD_MATCH = YES;
				"CODE_SIGN_IDENTITY[sdk=iphoneos*]" = "iPhone Developer";
				COPY_PHASE_STRIP = NO;
				GCC_C_LANGUAGE_STANDARD = gnu99;
				GCC_DYNAMIC_NO_PIC = NO;
				GCC_OPTIMIZATION_LEVEL = 0;
				GCC_PREPROCESSOR_DEFINITIONS = (
					"DEBUG=1",
					"$(inherited)",
				);
				GCC_SYMBOLS_PRIVATE_EXTERN = NO;
				GCC_WARN_64_TO_32_BIT_CONVERSION = YES;
				GCC_WARN_ABOUT_RETURN_TYPE = YES_ERROR;
				GCC_WARN_UNDECLARED_SELECTOR = YES;
				GCC_WARN_UNINITIALIZED_AUTOS = YES_AGGRESSIVE;
				GCC_WARN_UNUSED_FUNCTION = YES;
				GCC_WARN_UNUSED_VARIABLE = YES;
				IPHONEOS_DEPLOYMENT_TARGET = 7.1;
				ONLY_ACTIVE_ARCH = YES;
				SDKROOT = iphoneos;
				TARGETED_DEVICE_FAMILY = "1,2";
			};
			name = Debug;
		};
		218FA2ED1924ADA800B3BB84 /* Release */ = {
			isa = XCBuildConfiguration;
			buildSettings = {
				ALWAYS_SEARCH_USER_PATHS = NO;
				CLANG_CXX_LANGUAGE_STANDARD = "gnu++0x";
				CLANG_CXX_LIBRARY = "libc++";
				CLANG_ENABLE_MODULES = YES;
				CLANG_ENABLE_OBJC_ARC = YES;
				CLANG_WARN_BOOL_CONVERSION = YES;
				CLANG_WARN_CONSTANT_CONVERSION = YES;
				CLANG_WARN_DIRECT_OBJC_ISA_USAGE = YES_ERROR;
				CLANG_WARN_EMPTY_BODY = YES;
				CLANG_WARN_ENUM_CONVERSION = YES;
				CLANG_WARN_INT_CONVERSION = YES;
				CLANG_WARN_OBJC_ROOT_CLASS = YES_ERROR;
				CLANG_WARN__DUPLICATE_METHOD_MATCH = YES;
				"CODE_SIGN_IDENTITY[sdk=iphoneos*]" = "iPhone Developer";
				COPY_PHASE_STRIP = YES;
				ENABLE_NS_ASSERTIONS = NO;
				GCC_C_LANGUAGE_STANDARD = gnu99;
				GCC_WARN_64_TO_32_BIT_CONVERSION = YES;
				GCC_WARN_ABOUT_RETURN_TYPE = YES_ERROR;
				GCC_WARN_UNDECLARED_SELECTOR = YES;
				GCC_WARN_UNINITIALIZED_AUTOS = YES_AGGRESSIVE;
				GCC_WARN_UNUSED_FUNCTION = YES;
				GCC_WARN_UNUSED_VARIABLE = YES;
				IPHONEOS_DEPLOYMENT_TARGET = 7.1;
				SDKROOT = iphoneos;
				TARGETED_DEVICE_FAMILY = "1,2";
				VALIDATE_PRODUCT = YES;
			};
			name = Release;
		};
		218FA2EF1924ADA800B3BB84 /* Debug */ = {
			isa = XCBuildConfiguration;
			buildSettings = {
				ASSETCATALOG_COMPILER_APPICON_NAME = AppIcon;
				ASSETCATALOG_COMPILER_LAUNCHIMAGE_NAME = LaunchImage;
				GCC_PRECOMPILE_PREFIX_HEADER = YES;
				GCC_PREFIX_HEADER = "LeafPhotoBrower/LeafPhotoBrower-Prefix.pch";
				INFOPLIST_FILE = "LeafPhotoBrower/LeafPhotoBrower-Info.plist";
				PRODUCT_NAME = "$(TARGET_NAME)";
				WRAPPER_EXTENSION = app;
			};
			name = Debug;
		};
		218FA2F01924ADA800B3BB84 /* Release */ = {
			isa = XCBuildConfiguration;
			buildSettings = {
				ASSETCATALOG_COMPILER_APPICON_NAME = AppIcon;
				ASSETCATALOG_COMPILER_LAUNCHIMAGE_NAME = LaunchImage;
				GCC_PRECOMPILE_PREFIX_HEADER = YES;
				GCC_PREFIX_HEADER = "LeafPhotoBrower/LeafPhotoBrower-Prefix.pch";
				INFOPLIST_FILE = "LeafPhotoBrower/LeafPhotoBrower-Info.plist";
				PRODUCT_NAME = "$(TARGET_NAME)";
				WRAPPER_EXTENSION = app;
			};
			name = Release;
		};
		218FA2F21924ADA800B3BB84 /* Debug */ = {
			isa = XCBuildConfiguration;
			buildSettings = {
				BUNDLE_LOADER = "$(BUILT_PRODUCTS_DIR)/LeafPhotoBrower.app/LeafPhotoBrower";
				FRAMEWORK_SEARCH_PATHS = (
					"$(SDKROOT)/Developer/Library/Frameworks",
					"$(inherited)",
					"$(DEVELOPER_FRAMEWORKS_DIR)",
				);
				GCC_PRECOMPILE_PREFIX_HEADER = YES;
				GCC_PREFIX_HEADER = "LeafPhotoBrower/LeafPhotoBrower-Prefix.pch";
				GCC_PREPROCESSOR_DEFINITIONS = (
					"DEBUG=1",
					"$(inherited)",
				);
				INFOPLIST_FILE = "LeafPhotoBrowerTests/LeafPhotoBrowerTests-Info.plist";
				PRODUCT_NAME = "$(TARGET_NAME)";
				TEST_HOST = "$(BUNDLE_LOADER)";
				WRAPPER_EXTENSION = xctest;
			};
			name = Debug;
		};
		218FA2F31924ADA800B3BB84 /* Release */ = {
			isa = XCBuildConfiguration;
			buildSettings = {
				BUNDLE_LOADER = "$(BUILT_PRODUCTS_DIR)/LeafPhotoBrower.app/LeafPhotoBrower";
				FRAMEWORK_SEARCH_PATHS = (
					"$(SDKROOT)/Developer/Library/Frameworks",
					"$(inherited)",
					"$(DEVELOPER_FRAMEWORKS_DIR)",
				);
				GCC_PRECOMPILE_PREFIX_HEADER = YES;
				GCC_PREFIX_HEADER = "LeafPhotoBrower/LeafPhotoBrower-Prefix.pch";
				INFOPLIST_FILE = "LeafPhotoBrowerTests/LeafPhotoBrowerTests-Info.plist";
				PRODUCT_NAME = "$(TARGET_NAME)";
				TEST_HOST = "$(BUNDLE_LOADER)";
				WRAPPER_EXTENSION = xctest;
			};
			name = Release;
		};
/* End XCBuildConfiguration section */

/* Begin XCConfigurationList section */
		218FA2B41924ADA800B3BB84 /* Build configuration list for PBXProject "LeafPhotoBrower" */ = {
			isa = XCConfigurationList;
			buildConfigurations = (
				218FA2EC1924ADA800B3BB84 /* Debug */,
				218FA2ED1924ADA800B3BB84 /* Release */,
			);
			defaultConfigurationIsVisible = 0;
			defaultConfigurationName = Release;
		};
		218FA2EE1924ADA800B3BB84 /* Build configuration list for PBXNativeTarget "LeafPhotoBrower" */ = {
			isa = XCConfigurationList;
			buildConfigurations = (
				218FA2EF1924ADA800B3BB84 /* Debug */,
				218FA2F01924ADA800B3BB84 /* Release */,
			);
			defaultConfigurationIsVisible = 0;
		};
		218FA2F11924ADA800B3BB84 /* Build configuration list for PBXNativeTarget "LeafPhotoBrowerTests" */ = {
			isa = XCConfigurationList;
			buildConfigurations = (
				218FA2F21924ADA800B3BB84 /* Debug */,
				218FA2F31924ADA800B3BB84 /* Release */,
			);
			defaultConfigurationIsVisible = 0;
		};
/* End XCConfigurationList section */
	};
	rootObject = 218FA2B11924ADA800B3BB84 /* Project object */;
}
